
Microsoft Visual Studio Solution File, Format Version 12.00
# Visual Studio Version 17
VisualStudioVersion = 17.8.34316.72
MinimumVisualStudioVersion = 10.0.40219.1
Project("{FAE04EC0-301F-11D3-BF4B-00C04F79EFBC}") = "Cpp2Go Visual Interface", "Cpp2Go Visual Interface.csproj", "{963C988F-2AD4-40B6-B7BE-C31871EF5434}"
EndProject
Global
	GlobalSection(SolutionConfigurationPlatforms) = preSolution
		Debug|Any CPU = Debug|Any CPU
		Release|Any CPU = Release|Any CPU
	EndGlobalSection
	GlobalSection(ProjectConfigurationPlatforms) = postSolution
		{963C988F-2AD4-40B6-B7BE-C31871EF5434}.Debug|Any CPU.ActiveCfg = Debug|Any CPU
		{963C988F-2AD4-40B6-B7BE-C31871EF5434}.Debug|Any CPU.Build.0 = Debug|Any CPU
		{963C988F-2AD4-40B6-B7BE-C31871EF5434}.Release|Any CPU.ActiveCfg = Release|Any CPU
		{963C988F-2AD4-40B6-B7BE-C31871EF5434}.Release|Any CPU.Build.0 = Release|Any CPU
	EndGlobalSection
	GlobalSection(SolutionProperties) = preSolution
		HideSolutionNode = FALSE
	EndGlobalSection
	GlobalSection(ExtensibilityGlobals) = postSolution
		SolutionGuid = {5F52B5F0-4539-4F63-8187-8DF146239BFF}
	EndGlobalSection
EndGlobal
